
Microsoft Visual Studio Solution File, Format Version 12.00
# Visual Studio Version 17
VisualStudioVersion = 17.11.35312.102
MinimumVisualStudioVersion = 10.0.40219.1
Project("{FAE04EC0-301F-11D3-BF4B-00C04F79EFBC}") = "ElhawaryApi", "ElhawaryApi\ElhawaryApi.csproj", "{D9525F81-C642-468E-A1BB-449F0177CBAA}"
EndProject
Global
	GlobalSection(SolutionConfigurationPlatforms) = preSolution
		Debug|Any CPU = Debug|Any CPU
		Release|Any CPU = Release|Any CPU
	EndGlobalSection
	GlobalSection(ProjectConfigurationPlatforms) = postSolution
		{D9525F81-C642-468E-A1BB-449F0177CBAA}.Debug|Any CPU.ActiveCfg = Debug|Any CPU
		{D9525F81-C642-468E-A1BB-449F0177CBAA}.Debug|Any CPU.Build.0 = Debug|Any CPU
		{D9525F81-C642-468E-A1BB-449F0177CBAA}.Release|Any CPU.ActiveCfg = Release|Any CPU
		{D9525F81-C642-468E-A1BB-449F0177CBAA}.Release|Any CPU.Build.0 = Release|Any CPU
	EndGlobalSection
	GlobalSection(SolutionProperties) = preSolution
		HideSolutionNode = FALSE
	EndGlobalSection
	GlobalSection(ExtensibilityGlobals) = postSolution
		SolutionGuid = {937AC5D2-E3BB-411C-A93E-B5AB8813637C}
	EndGlobalSection
EndGlobal
